
Microsoft Visual Studio Solution File, Format Version 12.00
# Visual Studio 15
Project("{FAE04EC0-301F-11D3-BF4B-00C04F79EFBC}") = "labb4.Android", "labb4.Android\labb4.Android.csproj", "{9A492EC0-7C1B-4483-BCC1-1ED29E31E098}"
EndProject
Project("{FAE04EC0-301F-11D3-BF4B-00C04F79EFBC}") = "labb4.iOS", "labb4.iOS\labb4.iOS.csproj", "{3367EC00-E6C1-496B-B8BE-CA82EF88E60E}"
EndProject
Project("{FAE04EC0-301F-11D3-BF4B-00C04F79EFBC}") = "labb4", "labb4\labb4.csproj", "{5F00B2CB-CC42-4DEC-A264-C786D6984334}"
EndProject
Global
	GlobalSection(SolutionConfigurationPlatforms) = preSolution
		Debug|Any CPU = Debug|Any CPU
		Release|Any CPU = Release|Any CPU
		Debug|iPhoneSimulator = Debug|iPhoneSimulator
		Release|iPhoneSimulator = Release|iPhoneSimulator
		Debug|iPhone = Debug|iPhone
		Release|iPhone = Release|iPhone
	EndGlobalSection
	GlobalSection(ProjectConfigurationPlatforms) = postSolution
		{9A492EC0-7C1B-4483-BCC1-1ED29E31E098}.Debug|Any CPU.ActiveCfg = Debug|Any CPU
		{9A492EC0-7C1B-4483-BCC1-1ED29E31E098}.Debug|Any CPU.Build.0 = Debug|Any CPU
		{9A492EC0-7C1B-4483-BCC1-1ED29E31E098}.Release|Any CPU.ActiveCfg = Release|Any CPU
		{9A492EC0-7C1B-4483-BCC1-1ED29E31E098}.Release|Any CPU.Build.0 = Release|Any CPU
		{9A492EC0-7C1B-4483-BCC1-1ED29E31E098}.Debug|iPhoneSimulator.ActiveCfg = Debug|Any CPU
		{9A492EC0-7C1B-4483-BCC1-1ED29E31E098}.Debug|iPhoneSimulator.Build.0 = Debug|Any CPU
		{9A492EC0-7C1B-4483-BCC1-1ED29E31E098}.Release|iPhoneSimulator.ActiveCfg = Release|Any CPU
		{9A492EC0-7C1B-4483-BCC1-1ED29E31E098}.Release|iPhoneSimulator.Build.0 = Release|Any CPU
		{9A492EC0-7C1B-4483-BCC1-1ED29E31E098}.Debug|iPhone.ActiveCfg = Debug|Any CPU
		{9A492EC0-7C1B-4483-BCC1-1ED29E31E098}.Debug|iPhone.Build.0 = Debug|Any CPU
		{9A492EC0-7C1B-4483-BCC1-1ED29E31E098}.Release|iPhone.ActiveCfg = Release|Any CPU
		{9A492EC0-7C1B-4483-BCC1-1ED29E31E098}.Release|iPhone.Build.0 = Release|Any CPU
		{3367EC00-E6C1-496B-B8BE-CA82EF88E60E}.Debug|Any CPU.ActiveCfg = Debug|iPhoneSimulator
		{3367EC00-E6C1-496B-B8BE-CA82EF88E60E}.Debug|Any CPU.Build.0 = Debug|iPhoneSimulator
		{3367EC00-E6C1-496B-B8BE-CA82EF88E60E}.Release|Any CPU.ActiveCfg = Release|iPhoneSimulator
		{3367EC00-E6C1-496B-B8BE-CA82EF88E60E}.Release|Any CPU.Build.0 = Release|iPhoneSimulator
		{3367EC00-E6C1-496B-B8BE-CA82EF88E60E}.Debug|iPhoneSimulator.ActiveCfg = Debug|iPhoneSimulator
		{3367EC00-E6C1-496B-B8BE-CA82EF88E60E}.Debug|iPhoneSimulator.Build.0 = Debug|iPhoneSimulator
		{3367EC00-E6C1-496B-B8BE-CA82EF88E60E}.Release|iPhoneSimulator.ActiveCfg = Release|iPhoneSimulator
		{3367EC00-E6C1-496B-B8BE-CA82EF88E60E}.Release|iPhoneSimulator.Build.0 = Release|iPhoneSimulator
		{3367EC00-E6C1-496B-B8BE-CA82EF88E60E}.Debug|iPhone.ActiveCfg = Debug|iPhone
		{3367EC00-E6C1-496B-B8BE-CA82EF88E60E}.Debug|iPhone.Build.0 = Debug|iPhone
		{3367EC00-E6C1-496B-B8BE-CA82EF88E60E}.Release|iPhone.ActiveCfg = Release|iPhone
		{3367EC00-E6C1-496B-B8BE-CA82EF88E60E}.Release|iPhone.Build.0 = Release|iPhone
		{5F00B2CB-CC42-4DEC-A264-C786D6984334}.Debug|Any CPU.ActiveCfg = Debug|Any CPU
		{5F00B2CB-CC42-4DEC-A264-C786D6984334}.Debug|Any CPU.Build.0 = Debug|Any CPU
		{5F00B2CB-CC42-4DEC-A264-C786D6984334}.Release|Any CPU.ActiveCfg = Release|Any CPU
		{5F00B2CB-CC42-4DEC-A264-C786D6984334}.Release|Any CPU.Build.0 = Release|Any CPU
		{5F00B2CB-CC42-4DEC-A264-C786D6984334}.Debug|iPhoneSimulator.ActiveCfg = Debug|Any CPU
		{5F00B2CB-CC42-4DEC-A264-C786D6984334}.Debug|iPhoneSimulator.Build.0 = Debug|Any CPU
		{5F00B2CB-CC42-4DEC-A264-C786D6984334}.Release|iPhoneSimulator.ActiveCfg = Release|Any CPU
		{5F00B2CB-CC42-4DEC-A264-C786D6984334}.Release|iPhoneSimulator.Build.0 = Release|Any CPU
		{5F00B2CB-CC42-4DEC-A264-C786D6984334}.Debug|iPhone.ActiveCfg = Debug|Any CPU
		{5F00B2CB-CC42-4DEC-A264-C786D6984334}.Debug|iPhone.Build.0 = Debug|Any CPU
		{5F00B2CB-CC42-4DEC-A264-C786D6984334}.Release|iPhone.ActiveCfg = Release|Any CPU
		{5F00B2CB-CC42-4DEC-A264-C786D6984334}.Release|iPhone.Build.0 = Release|Any CPU
	EndGlobalSection
EndGlobal
